
Microsoft Visual Studio Solution File, Format Version 12.00
# Visual Studio Version 17
VisualStudioVersion = 17.3.32519.111
MinimumVisualStudioVersion = 10.0.40219.1
Project("{9A19103F-16F7-4668-BE54-9A1E7A4F7556}") = "FailureAnalysis.Core.Api", "FailureAnalysis.Core.Api\FailureAnalysis.Core.Api.csproj", "{64866EE8-0E19-45AC-AE24-A5A978756729}"
EndProject
Project("{FAE04EC0-301F-11D3-BF4B-00C04F79EFBC}") = "FailureAnalysis.Core.Api.Tests.Acceptance", "FailureAnalysis.Core.Api.Tests.Acceptance\FailureAnalysis.Core.Api.Tests.Acceptance.csproj", "{AD8CA4E5-6BC6-4A93-A4FE-D61D77D5A633}"
EndProject
Global
	GlobalSection(SolutionConfigurationPlatforms) = preSolution
		Debug|Any CPU = Debug|Any CPU
		Release|Any CPU = Release|Any CPU
	EndGlobalSection
	GlobalSection(ProjectConfigurationPlatforms) = postSolution
		{64866EE8-0E19-45AC-AE24-A5A978756729}.Debug|Any CPU.ActiveCfg = Debug|Any CPU
		{64866EE8-0E19-45AC-AE24-A5A978756729}.Debug|Any CPU.Build.0 = Debug|Any CPU
		{64866EE8-0E19-45AC-AE24-A5A978756729}.Release|Any CPU.ActiveCfg = Release|Any CPU
		{64866EE8-0E19-45AC-AE24-A5A978756729}.Release|Any CPU.Build.0 = Release|Any CPU
		{AD8CA4E5-6BC6-4A93-A4FE-D61D77D5A633}.Debug|Any CPU.ActiveCfg = Debug|Any CPU
		{AD8CA4E5-6BC6-4A93-A4FE-D61D77D5A633}.Debug|Any CPU.Build.0 = Debug|Any CPU
		{AD8CA4E5-6BC6-4A93-A4FE-D61D77D5A633}.Release|Any CPU.ActiveCfg = Release|Any CPU
		{AD8CA4E5-6BC6-4A93-A4FE-D61D77D5A633}.Release|Any CPU.Build.0 = Release|Any CPU
	EndGlobalSection
	GlobalSection(SolutionProperties) = preSolution
		HideSolutionNode = FALSE
	EndGlobalSection
	GlobalSection(ExtensibilityGlobals) = postSolution
		SolutionGuid = {D763A104-3DC1-4DA3-96A9-073D86A6A3F9}
	EndGlobalSection
EndGlobal
